{
  "name": "fajnapaka",
  "version": "1.0.2",
  "lockfileVersion": 2,
  "requires": true,
  "packages": {
    "": {
      "name": "fajnapaka",
      "version": "1.0.2",
      "license": "ISC",
      "dependencies": {
        "fajnapaka": "^1.0.2"
      }
    },
    "node_modules/fajnapaka": {
      "version": "1.0.2",
      "resolved": "https://registry.npmjs.org/fajnapaka/-/fajnapaka-1.0.2.tgz",
      "integrity": "sha512-qw5tjaenD4JeQVdnoAOkGQizF57ErettaKOsNX5JHcfmEn7O32a7u8mw71hi6/wqUWfynR7OszdAUpxAmAj/7A==",
      "dependencies": {
        "fajnapaka": "^1.0.0"
      }
    }
  },
  "dependencies": {
    "fajnapaka": {
      "version": "1.0.2",
      "resolved": "https://registry.npmjs.org/fajnapaka/-/fajnapaka-1.0.2.tgz",
      "integrity": "sha512-qw5tjaenD4JeQVdnoAOkGQizF57ErettaKOsNX5JHcfmEn7O32a7u8mw71hi6/wqUWfynR7OszdAUpxAmAj/7A==",
      "requires": {
        "fajnapaka": "^1.0.0"
      }
    }
  }
}
