{
  "name": "fajnapaka",
  "version": "1.0.0",
  "lockfileVersion": 2,
  "requires": true,
  "packages": {
    "": {
      "name": "fajnapaka",
      "version": "1.0.0",
      "license": "ISC",
      "dependencies": {
        "fajnapaka": "^1.0.0"
      }
    },
    "node_modules/fajnapaka": {
      "version": "1.0.0",
      "resolved": "https://registry.npmjs.org/fajnapaka/-/fajnapaka-1.0.0.tgz",
      "integrity": "sha512-7lJ2vaCxz5MRpA9PcUq6WrQIVN7Ay4f8m6XjypVnsYSgg/ZXM2h936AvziTQKVAE09xbeHbYySywSz4lmm/Xtg=="
    }
  },
  "dependencies": {
    "fajnapaka": {
      "version": "1.0.0",
      "resolved": "https://registry.npmjs.org/fajnapaka/-/fajnapaka-1.0.0.tgz",
      "integrity": "sha512-7lJ2vaCxz5MRpA9PcUq6WrQIVN7Ay4f8m6XjypVnsYSgg/ZXM2h936AvziTQKVAE09xbeHbYySywSz4lmm/Xtg=="
    }
  }
}
